<?xml version="1.0" encoding="UTF-8"?>
<Scheme
   LastUpgradeVersion = "0610"
   version = "1.7">
   <BuildAction
      parallelizeBuildables = "YES"
      buildImplicitDependencies = "YES">
      <PreActions>
         <ExecutionAction
            ActionType = "Xcode.IDEStandardExecutionActionsCore.ExecutionActionType.ShellScriptAction">
            <ActionContent
               title = "Run Script"
               scriptText = "# Update the mogenerator files&#10;cd ${SOURCE_ROOT}/${PROJECT_NAME}&#10;/usr/bin/mogenerator --v2 -m ${PROJECT_NAME}.xcdatamodeld -M CoreData/Machine -H CoreData/Human">
               <EnvironmentBuildable>
                  <BuildableReference
                     BuildableIdentifier = "primary"
                     BlueprintIdentifier = "58AAC4131A63CB9900C2248A"
                     BuildableName = "MagicalRecordExtensions.app"
                     BlueprintName = "MagicalRecordExtensions"
                     ReferencedContainer = "container:MagicalRecordExtensions.xcodeproj">
                  </BuildableReference>
               </EnvironmentBuildable>
            </ActionContent>
         </ExecutionAction>
      </PreActions>
      <BuildActionEntries>
         <BuildActionEntry
            buildForTesting = "YES"
            buildForRunning = "YES"
            buildForProfiling = "YES"
            buildForArchiving = "YES"
            buildForAnalyzing = "YES">
            <BuildableReference
               BuildableIdentifier = "primary"
               BlueprintIdentifier = "58AAC4131A63CB9900C2248A"
               BuildableName = "MagicalRecordExtensions.app"
               BlueprintName = "MagicalRecordExtensions"
               ReferencedContainer = "container:MagicalRecordExtensions.xcodeproj">
            </BuildableReference>
         </BuildActionEntry>
         <BuildActionEntry
            buildForTesting = "YES"
            buildForRunning = "YES"
            buildForProfiling = "NO"
            buildForArchiving = "NO"
            buildForAnalyzing = "YES">
            <BuildableReference
               BuildableIdentifier = "primary"
               BlueprintIdentifier = "58AAC42F1A63CB9900C2248A"
               BuildableName = "MagicalRecordExtensionsTests.xctest"
               BlueprintName = "MagicalRecordExtensionsTests"
               ReferencedContainer = "container:MagicalRecordExtensions.xcodeproj">
            </BuildableReference>
         </BuildActionEntry>
      </BuildActionEntries>
   </BuildAction>
   <TestAction
      selectedDebuggerIdentifier = "Xcode.DebuggerFoundation.Debugger.LLDB"
      selectedLauncherIdentifier = "Xcode.DebuggerFoundation.Launcher.LLDB"
      shouldUseLaunchSchemeArgsEnv = "YES"
      buildConfiguration = "Debug">
      <Testables>
         <TestableReference
            skipped = "NO">
            <BuildableReference
               BuildableIdentifier = "primary"
               BlueprintIdentifier = "58AAC42F1A63CB9900C2248A"
               BuildableName = "MagicalRecordExtensionsTests.xctest"
               BlueprintName = "MagicalRecordExtensionsTests"
               ReferencedContainer = "container:MagicalRecordExtensions.xcodeproj">
            </BuildableReference>
         </TestableReference>
      </Testables>
      <MacroExpansion>
         <BuildableReference
            BuildableIdentifier = "primary"
            BlueprintIdentifier = "58AAC4131A63CB9900C2248A"
            BuildableName = "MagicalRecordExtensions.app"
            BlueprintName = "MagicalRecordExtensions"
            ReferencedContainer = "container:MagicalRecordExtensions.xcodeproj">
         </BuildableReference>
      </MacroExpansion>
   </TestAction>
   <LaunchAction
      selectedDebuggerIdentifier = "Xcode.DebuggerFoundation.Debugger.LLDB"
      selectedLauncherIdentifier = "Xcode.DebuggerFoundation.Launcher.LLDB"
      launchStyle = "0"
      useCustomWorkingDirectory = "NO"
      buildConfiguration = "Debug"
      ignoresPersistentStateOnLaunch = "NO"
      debugDocumentVersioning = "YES"
      allowLocationSimulation = "YES">
      <BuildableProductRunnable>
         <BuildableReference
            BuildableIdentifier = "primary"
            BlueprintIdentifier = "58AAC4131A63CB9900C2248A"
            BuildableName = "MagicalRecordExtensions.app"
            BlueprintName = "MagicalRecordExtensions"
            ReferencedContainer = "container:MagicalRecordExtensions.xcodeproj">
         </BuildableReference>
      </BuildableProductRunnable>
      <CommandLineArguments>
         <CommandLineArgument
            argument = "-com.apple.CoreData.SQLDebug 1"
            isEnabled = "YES">
         </CommandLineArgument>
      </CommandLineArguments>
      <AdditionalOptions>
      </AdditionalOptions>
   </LaunchAction>
   <ProfileAction
      shouldUseLaunchSchemeArgsEnv = "YES"
      savedToolIdentifier = ""
      useCustomWorkingDirectory = "NO"
      buildConfiguration = "Release"
      debugDocumentVersioning = "YES">
      <BuildableProductRunnable>
         <BuildableReference
            BuildableIdentifier = "primary"
            BlueprintIdentifier = "58AAC4131A63CB9900C2248A"
            BuildableName = "MagicalRecordExtensions.app"
            BlueprintName = "MagicalRecordExtensions"
            ReferencedContainer = "container:MagicalRecordExtensions.xcodeproj">
         </BuildableReference>
      </BuildableProductRunnable>
   </ProfileAction>
   <AnalyzeAction
      buildConfiguration = "Debug">
   </AnalyzeAction>
   <ArchiveAction
      buildConfiguration = "Release"
      revealArchiveInOrganizer = "YES">
   </ArchiveAction>
</Scheme>
